{
  "name": "Bai2",
  "lockfileVersion": 2,
  "requires": true,
  "packages": {
    "": {
      "dependencies": {
        "reference-map": "^1.2.8"
      }
    },
    "node_modules/reference-map": {
      "version": "1.2.8",
      "resolved": "https://registry.npmjs.org/reference-map/-/reference-map-1.2.8.tgz",
      "integrity": "sha512-VbTTRnkKL1T1FEKVwzderzLvywUaIZFO5kBWUkwxz97YjUyewu6VVAb6Mmkhj2owXrHpPVZF9EbZlWamFji+zQ=="
    }
  },
  "dependencies": {
    "reference-map": {
      "version": "1.2.8",
      "resolved": "https://registry.npmjs.org/reference-map/-/reference-map-1.2.8.tgz",
      "integrity": "sha512-VbTTRnkKL1T1FEKVwzderzLvywUaIZFO5kBWUkwxz97YjUyewu6VVAb6Mmkhj2owXrHpPVZF9EbZlWamFji+zQ=="
    }
  }
}
